
Microsoft Visual Studio Solution File, Format Version 12.00
# Visual Studio Version 17
VisualStudioVersion = 17.5.33516.290
MinimumVisualStudioVersion = 10.0.40219.1
Project("{FAE04EC0-301F-11D3-BF4B-00C04F79EFBC}") = "pirichain-api-workmail20", "pirichain-api-workmail20\pirichain-api-workmail20.csproj", "{238D0521-DEFA-47AB-B27F-2256EFCA8101}"
EndProject
Global
	GlobalSection(SolutionConfigurationPlatforms) = preSolution
		Debug|Any CPU = Debug|Any CPU
		Release|Any CPU = Release|Any CPU
	EndGlobalSection
	GlobalSection(ProjectConfigurationPlatforms) = postSolution
		{238D0521-DEFA-47AB-B27F-2256EFCA8101}.Debug|Any CPU.ActiveCfg = Debug|Any CPU
		{238D0521-DEFA-47AB-B27F-2256EFCA8101}.Debug|Any CPU.Build.0 = Debug|Any CPU
		{238D0521-DEFA-47AB-B27F-2256EFCA8101}.Release|Any CPU.ActiveCfg = Release|Any CPU
		{238D0521-DEFA-47AB-B27F-2256EFCA8101}.Release|Any CPU.Build.0 = Release|Any CPU
	EndGlobalSection
	GlobalSection(SolutionProperties) = preSolution
		HideSolutionNode = FALSE
	EndGlobalSection
	GlobalSection(ExtensibilityGlobals) = postSolution
		SolutionGuid = {DDA3FF50-24ED-4330-AA6A-0C6EA042B5B1}
	EndGlobalSection
EndGlobal
